
Microsoft Visual Studio Solution File, Format Version 12.00
# Visual Studio Version 16
VisualStudioVersion = 16.0.29613.14
MinimumVisualStudioVersion = 10.0.40219.1
Project("{8BC9CEB8-8B4A-11D0-8D11-00A0C91BC942}") = "Router2.0", "Router2.0.vcxproj", "{F1CD7912-F9DD-467D-9670-5CE2BF799521}"
EndProject
Global
	GlobalSection(SolutionConfigurationPlatforms) = preSolution
		Debug|x64 = Debug|x64
		Debug|x86 = Debug|x86
		Release|x64 = Release|x64
		Release|x86 = Release|x86
	EndGlobalSection
	GlobalSection(ProjectConfigurationPlatforms) = postSolution
		{F1CD7912-F9DD-467D-9670-5CE2BF799521}.Debug|x64.ActiveCfg = Debug|x64
		{F1CD7912-F9DD-467D-9670-5CE2BF799521}.Debug|x64.Build.0 = Debug|x64
		{F1CD7912-F9DD-467D-9670-5CE2BF799521}.Debug|x86.ActiveCfg = Debug|Win32
		{F1CD7912-F9DD-467D-9670-5CE2BF799521}.Debug|x86.Build.0 = Debug|Win32
		{F1CD7912-F9DD-467D-9670-5CE2BF799521}.Release|x64.ActiveCfg = Release|x64
		{F1CD7912-F9DD-467D-9670-5CE2BF799521}.Release|x64.Build.0 = Release|x64
		{F1CD7912-F9DD-467D-9670-5CE2BF799521}.Release|x86.ActiveCfg = Release|Win32
		{F1CD7912-F9DD-467D-9670-5CE2BF799521}.Release|x86.Build.0 = Release|Win32
	EndGlobalSection
	GlobalSection(SolutionProperties) = preSolution
		HideSolutionNode = FALSE
	EndGlobalSection
	GlobalSection(ExtensibilityGlobals) = postSolution
		SolutionGuid = {804874B3-F1D0-4BC2-B1B9-4E60725B2094}
	EndGlobalSection
EndGlobal
